// !$*UTF8*$!
{
	archiveVersion = 1;
	classes = {
	};
	objectVersion = 46;
	objects = {

/* Begin PBXBuildFile section */
		A404FAF01DB532850011BFB6 /* SessionManager.swift in Sources */ = {isa = PBXBuildFile; fileRef = A404FAEF1DB532850011BFB6 /* SessionManager.swift */; };
		A404FAF21DB541A90011BFB6 /* Reachibility.swift in Sources */ = {isa = PBXBuildFile; fileRef = A404FAF11DB541A90011BFB6 /* Reachibility.swift */; };
		A4053C941DD9BC0F0090D89D /* StudentAttendanceSummaryVC.swift in Sources */ = {isa = PBXBuildFile; fileRef = A4053C931DD9BC0F0090D89D /* StudentAttendanceSummaryVC.swift */; };
		A4053C961DD9C1EC0090D89D /* StuAttSummaryHeaderCellTVC.swift in Sources */ = {isa = PBXBuildFile; fileRef = A4053C951DD9C1EC0090D89D /* StuAttSummaryHeaderCellTVC.swift */; };
		A4053C981DD9C2BD0090D89D /* SelectExamTermVC.swift in Sources */ = {isa = PBXBuildFile; fileRef = A4053C971DD9C2BD0090D89D /* SelectExamTermVC.swift */; };
		A4053C9A1DD9C37E0090D89D /* SubjectSelectionVC.swift in Sources */ = {isa = PBXBuildFile; fileRef = A4053C991DD9C37E0090D89D /* SubjectSelectionVC.swift */; };
		A4053C9C1DD9C3AA0090D89D /* MessageToSchoolVC.swift in Sources */ = {isa = PBXBuildFile; fileRef = A4053C9B1DD9C3AA0090D89D /* MessageToSchoolVC.swift */; };
		A4053C9E1DD9C6B50090D89D /* StuAttSummaryCellTVC.swift in Sources */ = {isa = PBXBuildFile; fileRef = A4053C9D1DD9C6B50090D89D /* StuAttSummaryCellTVC.swift */; };
		A4053CA01DD9C6CB0090D89D /* SubjectSelectionCellTVC.swift in Sources */ = {isa = PBXBuildFile; fileRef = A4053C9F1DD9C6CB0090D89D /* SubjectSelectionCellTVC.swift */; };
		A4053CA21DD9C6F30090D89D /* ExamCellTVC.swift in Sources */ = {isa = PBXBuildFile; fileRef = A4053CA11DD9C6F30090D89D /* ExamCellTVC.swift */; };
		A4053CA41DD9C77F0090D89D /* ExamResultVC.swift in Sources */ = {isa = PBXBuildFile; fileRef = A4053CA31DD9C77F0090D89D /* ExamResultVC.swift */; };
		A4053CA71DD9C7E90090D89D /* ExamResultCellTVC.swift in Sources */ = {isa = PBXBuildFile; fileRef = A4053CA51DD9C7E90090D89D /* ExamResultCellTVC.swift */; };
		A4053CA81DD9C7E90090D89D /* ExamResultHeaderCellTVC.swift in Sources */ = {isa = PBXBuildFile; fileRef = A4053CA61DD9C7E90090D89D /* ExamResultHeaderCellTVC.swift */; };
		A4053CAA1DD9C8790090D89D /* ExampleDefaults.swift in Sources */ = {isa = PBXBuildFile; fileRef = A4053CA91DD9C8790090D89D /* ExampleDefaults.swift */; };
		A4053CAC1DD9C9970090D89D /* Env.swift in Sources */ = {isa = PBXBuildFile; fileRef = A4053CAB1DD9C9970090D89D /* Env.swift */; };
		A4053CAE1DD9CBCD0090D89D /* SubjectMarksHistoryVC.swift in Sources */ = {isa = PBXBuildFile; fileRef = A4053CAD1DD9CBCD0090D89D /* SubjectMarksHistoryVC.swift */; };
		A4053CB01DD9CBF50090D89D /* SubjectListCellTVC.swift in Sources */ = {isa = PBXBuildFile; fileRef = A4053CAF1DD9CBF50090D89D /* SubjectListCellTVC.swift */; };
		A4053CB31DD9D0500090D89D /* SubjectMarksModel.swift in Sources */ = {isa = PBXBuildFile; fileRef = A4053CB21DD9D0500090D89D /* SubjectMarksModel.swift */; };
		A4053CB51DD9D1680090D89D /* MarksHistoryHeaderCellTVC.swift in Sources */ = {isa = PBXBuildFile; fileRef = A4053CB41DD9D1680090D89D /* MarksHistoryHeaderCellTVC.swift */; };
		A4053CB71DD9E7B00090D89D /* MarksHistoryCellTVC.swift in Sources */ = {isa = PBXBuildFile; fileRef = A4053CB61DD9E7B00090D89D /* MarksHistoryCellTVC.swift */; };
		A40DFFFB1E46259500711694 /* MessageHistoryVC.swift in Sources */ = {isa = PBXBuildFile; fileRef = A40DFFFA1E46259500711694 /* MessageHistoryVC.swift */; };
		A40DFFFD1E46264900711694 /* MessageHistoryCellTableViewCell.swift in Sources */ = {isa = PBXBuildFile; fileRef = A40DFFFC1E46264900711694 /* MessageHistoryCellTableViewCell.swift */; };
		A4166D8B1DC07947007114DA /* MainMenuVC.swift in Sources */ = {isa = PBXBuildFile; fileRef = A4166D8A1DC07947007114DA /* MainMenuVC.swift */; };
		A4166D8D1DC0AFD2007114DA /* SelectDateClassSectionSubjectVC.swift in Sources */ = {isa = PBXBuildFile; fileRef = A4166D8C1DC0AFD2007114DA /* SelectDateClassSectionSubjectVC.swift */; };
		A45532091DD72DAF0088A3C9 /* AttendanceSummaryCellVC.swift in Sources */ = {isa = PBXBuildFile; fileRef = A45532061DD72DAF0088A3C9 /* AttendanceSummaryCellVC.swift */; };
		A455320A1DD72DAF0088A3C9 /* AttendanceSummaryHeaderCell.swift in Sources */ = {isa = PBXBuildFile; fileRef = A45532071DD72DAF0088A3C9 /* AttendanceSummaryHeaderCell.swift */; };
		A455320B1DD72DAF0088A3C9 /* ShowAttendanceSummaryVC.swift in Sources */ = {isa = PBXBuildFile; fileRef = A45532081DD72DAF0088A3C9 /* ShowAttendanceSummaryVC.swift */; };
		A455320D1DD732920088A3C9 /* SelectCriteriaAttSummaryVC.swift in Sources */ = {isa = PBXBuildFile; fileRef = A455320C1DD732920088A3C9 /* SelectCriteriaAttSummaryVC.swift */; };
		A45532111DD77FFB0088A3C9 /* ComposeMessageVCViewController.swift in Sources */ = {isa = PBXBuildFile; fileRef = A455320E1DD77FFB0088A3C9 /* ComposeMessageVCViewController.swift */; };
		A45532121DD77FFB0088A3C9 /* SelectClassSectionVC.swift in Sources */ = {isa = PBXBuildFile; fileRef = A455320F1DD77FFB0088A3C9 /* SelectClassSectionVC.swift */; };
		A45532131DD77FFB0088A3C9 /* SelectStudentVC.swift in Sources */ = {isa = PBXBuildFile; fileRef = A45532101DD77FFB0088A3C9 /* SelectStudentVC.swift */; };
		A45532151DD7823B0088A3C9 /* StudentSelectionCell.swift in Sources */ = {isa = PBXBuildFile; fileRef = A45532141DD7823B0088A3C9 /* StudentSelectionCell.swift */; };
		A456F8001DCF6D6500E844F9 /* TestDetailsTBC.swift in Sources */ = {isa = PBXBuildFile; fileRef = A456F7FF1DCF6D6500E844F9 /* TestDetailsTBC.swift */; };
		A460411B1DCD8169004E9BDE /* TestDetailsVC.swift in Sources */ = {isa = PBXBuildFile; fileRef = A460411A1DCD8169004E9BDE /* TestDetailsVC.swift */; };
		A460411F1DCDE37B004E9BDE /* CompletedTestVC.swift in Sources */ = {isa = PBXBuildFile; fileRef = A460411C1DCDE37B004E9BDE /* CompletedTestVC.swift */; };
		A46041201DCDE37B004E9BDE /* MarksProcessing.swift in Sources */ = {isa = PBXBuildFile; fileRef = A460411D1DCDE37B004E9BDE /* MarksProcessing.swift */; };
		A46041211DCDE37B004E9BDE /* PendingTestListVC.swift in Sources */ = {isa = PBXBuildFile; fileRef = A460411E1DCDE37B004E9BDE /* PendingTestListVC.swift */; };
		A46041271DCDE4A2004E9BDE /* TestMarksEntryCell.swift in Sources */ = {isa = PBXBuildFile; fileRef = A46041221DCDE4A2004E9BDE /* TestMarksEntryCell.swift */; };
		A46041281DCDE4A2004E9BDE /* TestMarksEntryHeaderCell.swift in Sources */ = {isa = PBXBuildFile; fileRef = A46041231DCDE4A2004E9BDE /* TestMarksEntryHeaderCell.swift */; };
		A46041291DCDE4A2004E9BDE /* TestMarksEntryVC.swift in Sources */ = {isa = PBXBuildFile; fileRef = A46041241DCDE4A2004E9BDE /* TestMarksEntryVC.swift */; };
		A460412A1DCDE4A2004E9BDE /* TestMarksModel.swift in Sources */ = {isa = PBXBuildFile; fileRef = A46041251DCDE4A2004E9BDE /* TestMarksModel.swift */; };
		A460412B1DCDE4A2004E9BDE /* TestModel.swift in Sources */ = {isa = PBXBuildFile; fileRef = A46041261DCDE4A2004E9BDE /* TestModel.swift */; };
		A460412D1DCDE521004E9BDE /* TestCellVC.swift in Sources */ = {isa = PBXBuildFile; fileRef = A460412C1DCDE521004E9BDE /* TestCellVC.swift */; };
		A460412F1DCDE56C004E9BDE /* HeaderCell.swift in Sources */ = {isa = PBXBuildFile; fileRef = A460412E1DCDE56C004E9BDE /* HeaderCell.swift */; };
		A4665A461DCA37800049EB4D /* SetSubjectsVC.swift in Sources */ = {isa = PBXBuildFile; fileRef = A4665A451DCA37800049EB4D /* SetSubjectsVC.swift */; };
		A4665A4A1DCA4DF30049EB4D /* SubjectSelectionCell.swift in Sources */ = {isa = PBXBuildFile; fileRef = A4665A491DCA4DF30049EB4D /* SubjectSelectionCell.swift */; };
		A4665A4C1DCA4F4D0049EB4D /* SubjectModel.swift in Sources */ = {isa = PBXBuildFile; fileRef = A4665A4B1DCA4F4D0049EB4D /* SubjectModel.swift */; };
		A47365C71DD88FD100EDA30D /* ChangePasswordVC.swift in Sources */ = {isa = PBXBuildFile; fileRef = A47365C61DD88FD100EDA30D /* ChangePasswordVC.swift */; };
		A47365C91DD9766A00EDA30D /* ParentMenuVC.swift in Sources */ = {isa = PBXBuildFile; fileRef = A47365C81DD9766A00EDA30D /* ParentMenuVC.swift */; };
		A47365CB1DD97C2900EDA30D /* SelectWardVC.swift in Sources */ = {isa = PBXBuildFile; fileRef = A47365CA1DD97C2900EDA30D /* SelectWardVC.swift */; };
		A47365CE1DD980DE00EDA30D /* WardListCellTVC.swift in Sources */ = {isa = PBXBuildFile; fileRef = A47365CC1DD980DE00EDA30D /* WardListCellTVC.swift */; };
		A47365CF1DD980DE00EDA30D /* WardListTVC.swift in Sources */ = {isa = PBXBuildFile; fileRef = A47365CD1DD980DE00EDA30D /* WardListTVC.swift */; };
		A482F24D1DB3E56100EA2811 /* AppDelegate.swift in Sources */ = {isa = PBXBuildFile; fileRef = A482F24C1DB3E56100EA2811 /* AppDelegate.swift */; };
		A482F24F1DB3E56100EA2811 /* ViewController.swift in Sources */ = {isa = PBXBuildFile; fileRef = A482F24E1DB3E56100EA2811 /* ViewController.swift */; };
		A482F2521DB3E56100EA2811 /* Main.storyboard in Resources */ = {isa = PBXBuildFile; fileRef = A482F2501DB3E56100EA2811 /* Main.storyboard */; };
		A482F2541DB3E56100EA2811 /* Assets.xcassets in Resources */ = {isa = PBXBuildFile; fileRef = A482F2531DB3E56100EA2811 /* Assets.xcassets */; };
		A482F2571DB3E56100EA2811 /* LaunchScreen.storyboard in Resources */ = {isa = PBXBuildFile; fileRef = A482F2551DB3E56100EA2811 /* LaunchScreen.storyboard */; };
		A482F25F1DB3E69C00EA2811 /* PodFile in Resources */ = {isa = PBXBuildFile; fileRef = A482F25E1DB3E69C00EA2811 /* PodFile */; };
		A48B30641DD476D20049D760 /* BusRouteSelectionVC.swift in Sources */ = {isa = PBXBuildFile; fileRef = A48B30631DD476D20049D760 /* BusRouteSelectionVC.swift */; };
		A48E11171DD4938F0008DF7D /* BusAttendanceCellTVC.swift in Sources */ = {isa = PBXBuildFile; fileRef = A48E11131DD4938F0008DF7D /* BusAttendanceCellTVC.swift */; };
		A48E11181DD4938F0008DF7D /* BusAttendanceHeaderCell.swift in Sources */ = {isa = PBXBuildFile; fileRef = A48E11141DD4938F0008DF7D /* BusAttendanceHeaderCell.swift */; };
		A48E11191DD4938F0008DF7D /* BusAttendanceVC.swift in Sources */ = {isa = PBXBuildFile; fileRef = A48E11151DD4938F0008DF7D /* BusAttendanceVC.swift */; };
		A48E111A1DD4938F0008DF7D /* BusDelayMessageVC.swift in Sources */ = {isa = PBXBuildFile; fileRef = A48E11161DD4938F0008DF7D /* BusDelayMessageVC.swift */; };
		A49081631DC1174800A4170D /* TakeAttendanceCellTVC.swift in Sources */ = {isa = PBXBuildFile; fileRef = A49081611DC1174800A4170D /* TakeAttendanceCellTVC.swift */; };
		A49081641DC1174800A4170D /* TakeAttendanceVC.swift in Sources */ = {isa = PBXBuildFile; fileRef = A49081621DC1174800A4170D /* TakeAttendanceVC.swift */; };
		A49081661DC1180600A4170D /* StudentStopModel.swift in Sources */ = {isa = PBXBuildFile; fileRef = A49081651DC1180600A4170D /* StudentStopModel.swift */; };
		A49081681DC1185C00A4170D /* StudentModel.swift in Sources */ = {isa = PBXBuildFile; fileRef = A49081671DC1185C00A4170D /* StudentModel.swift */; };
		A490816A1DC11B5100A4170D /* AttendanceProcessing.swift in Sources */ = {isa = PBXBuildFile; fileRef = A49081691DC11B5000A4170D /* AttendanceProcessing.swift */; };
		A490816E1DC11E9B00A4170D /* AttendanceHeaderCell.swift in Sources */ = {isa = PBXBuildFile; fileRef = A490816D1DC11E9B00A4170D /* AttendanceHeaderCell.swift */; };
		A4D28ADF1DB3EFC0003B47F2 /* LoginVC.swift in Sources */ = {isa = PBXBuildFile; fileRef = A4D28ADE1DB3EFC0003B47F2 /* LoginVC.swift */; };
		A4D28AE31DB3F1F7003B47F2 /* MiscFunctions.swift in Sources */ = {isa = PBXBuildFile; fileRef = A4D28AE21DB3F1F7003B47F2 /* MiscFunctions.swift */; };
		A4D28AE51DB3F59A003B47F2 /* CartFile in Resources */ = {isa = PBXBuildFile; fileRef = A4D28AE41DB3F59A003B47F2 /* CartFile */; };
		A4ED5CF41E517F9500888DD1 /* SchoolAdminStoryBoard.storyboard in Resources */ = {isa = PBXBuildFile; fileRef = A4ED5CF31E517F9500888DD1 /* SchoolAdminStoryBoard.storyboard */; };
		A4ED5CF61E51A17900888DD1 /* SchoolAdminVC.swift in Sources */ = {isa = PBXBuildFile; fileRef = A4ED5CF51E51A17900888DD1 /* SchoolAdminVC.swift */; };
		A4ED5CF81E52193600888DD1 /* ComposeBulkSMSVC.swift in Sources */ = {isa = PBXBuildFile; fileRef = A4ED5CF71E52193600888DD1 /* ComposeBulkSMSVC.swift */; };
		DD67D170529E938ED446578B /* Pods_ClassUp_iOS.framework in Frameworks */ = {isa = PBXBuildFile; fileRef = 66B83E74B84E51D40ACD6157 /* Pods_ClassUp_iOS.framework */; };
/* End PBXBuildFile section */

/* Begin PBXFileReference section */
		2FD15DB51580E823564ED733 /* Pods-ClassUp-iOS.release.xcconfig */ = {isa = PBXFileReference; includeInIndex = 1; lastKnownFileType = text.xcconfig; name = "Pods-ClassUp-iOS.release.xcconfig"; path = "Pods/Target Support Files/Pods-ClassUp-iOS/Pods-ClassUp-iOS.release.xcconfig"; sourceTree = "<group>"; };
		66B83E74B84E51D40ACD6157 /* Pods_ClassUp_iOS.framework */ = {isa = PBXFileReference; explicitFileType = wrapper.framework; includeInIndex = 0; path = Pods_ClassUp_iOS.framework; sourceTree = BUILT_PRODUCTS_DIR; };
		A404FAEF1DB532850011BFB6 /* SessionManager.swift */ = {isa = PBXFileReference; fileEncoding = 4; lastKnownFileType = sourcecode.swift; path = SessionManager.swift; sourceTree = "<group>"; };
		A404FAF11DB541A90011BFB6 /* Reachibility.swift */ = {isa = PBXFileReference; fileEncoding = 4; lastKnownFileType = sourcecode.swift; path = Reachibility.swift; sourceTree = "<group>"; };
		A4053C931DD9BC0F0090D89D /* StudentAttendanceSummaryVC.swift */ = {isa = PBXFileReference; lastKnownFileType = sourcecode.swift; path = StudentAttendanceSummaryVC.swift; sourceTree = "<group>"; };
		A4053C951DD9C1EC0090D89D /* StuAttSummaryHeaderCellTVC.swift */ = {isa = PBXFileReference; lastKnownFileType = sourcecode.swift; path = StuAttSummaryHeaderCellTVC.swift; sourceTree = "<group>"; };
		A4053C971DD9C2BD0090D89D /* SelectExamTermVC.swift */ = {isa = PBXFileReference; lastKnownFileType = sourcecode.swift; path = SelectExamTermVC.swift; sourceTree = "<group>"; };
		A4053C991DD9C37E0090D89D /* SubjectSelectionVC.swift */ = {isa = PBXFileReference; fileEncoding = 4; lastKnownFileType = sourcecode.swift; path = SubjectSelectionVC.swift; sourceTree = "<group>"; };
		A4053C9B1DD9C3AA0090D89D /* MessageToSchoolVC.swift */ = {isa = PBXFileReference; fileEncoding = 4; lastKnownFileType = sourcecode.swift; path = MessageToSchoolVC.swift; sourceTree = "<group>"; };
		A4053C9D1DD9C6B50090D89D /* StuAttSummaryCellTVC.swift */ = {isa = PBXFileReference; fileEncoding = 4; lastKnownFileType = sourcecode.swift; path = StuAttSummaryCellTVC.swift; sourceTree = "<group>"; };
		A4053C9F1DD9C6CB0090D89D /* SubjectSelectionCellTVC.swift */ = {isa = PBXFileReference; fileEncoding = 4; lastKnownFileType = sourcecode.swift; path = SubjectSelectionCellTVC.swift; sourceTree = "<group>"; };
		A4053CA11DD9C6F30090D89D /* ExamCellTVC.swift */ = {isa = PBXFileReference; fileEncoding = 4; lastKnownFileType = sourcecode.swift; path = ExamCellTVC.swift; sourceTree = "<group>"; };
		A4053CA31DD9C77F0090D89D /* ExamResultVC.swift */ = {isa = PBXFileReference; fileEncoding = 4; lastKnownFileType = sourcecode.swift; path = ExamResultVC.swift; sourceTree = "<group>"; };
		A4053CA51DD9C7E90090D89D /* ExamResultCellTVC.swift */ = {isa = PBXFileReference; fileEncoding = 4; lastKnownFileType = sourcecode.swift; path = ExamResultCellTVC.swift; sourceTree = "<group>"; };
		A4053CA61DD9C7E90090D89D /* ExamResultHeaderCellTVC.swift */ = {isa = PBXFileReference; fileEncoding = 4; lastKnownFileType = sourcecode.swift; path = ExamResultHeaderCellTVC.swift; sourceTree = "<group>"; };
		A4053CA91DD9C8790090D89D /* ExampleDefaults.swift */ = {isa = PBXFileReference; fileEncoding = 4; lastKnownFileType = sourcecode.swift; path = ExampleDefaults.swift; sourceTree = "<group>"; };
		A4053CAB1DD9C9970090D89D /* Env.swift */ = {isa = PBXFileReference; fileEncoding = 4; lastKnownFileType = sourcecode.swift; path = Env.swift; sourceTree = "<group>"; };
		A4053CAD1DD9CBCD0090D89D /* SubjectMarksHistoryVC.swift */ = {isa = PBXFileReference; fileEncoding = 4; lastKnownFileType = sourcecode.swift; path = SubjectMarksHistoryVC.swift; sourceTree = "<group>"; };
		A4053CAF1DD9CBF50090D89D /* SubjectListCellTVC.swift */ = {isa = PBXFileReference; fileEncoding = 4; lastKnownFileType = sourcecode.swift; path = SubjectListCellTVC.swift; sourceTree = "<group>"; };
		A4053CB11DD9CF660090D89D /* SubjectMarksHistoryVC.swift */ = {isa = PBXFileReference; lastKnownFileType = sourcecode.swift; path = SubjectMarksHistoryVC.swift; sourceTree = "<group>"; };
		A4053CB21DD9D0500090D89D /* SubjectMarksModel.swift */ = {isa = PBXFileReference; fileEncoding = 4; lastKnownFileType = sourcecode.swift; path = SubjectMarksModel.swift; sourceTree = "<group>"; };
		A4053CB41DD9D1680090D89D /* MarksHistoryHeaderCellTVC.swift */ = {isa = PBXFileReference; fileEncoding = 4; lastKnownFileType = sourcecode.swift; path = MarksHistoryHeaderCellTVC.swift; sourceTree = "<group>"; };
		A4053CB61DD9E7B00090D89D /* MarksHistoryCellTVC.swift */ = {isa = PBXFileReference; fileEncoding = 4; lastKnownFileType = sourcecode.swift; path = MarksHistoryCellTVC.swift; sourceTree = "<group>"; };
		A40DFFFA1E46259500711694 /* MessageHistoryVC.swift */ = {isa = PBXFileReference; fileEncoding = 4; lastKnownFileType = sourcecode.swift; path = MessageHistoryVC.swift; sourceTree = "<group>"; };
		A40DFFFC1E46264900711694 /* MessageHistoryCellTableViewCell.swift */ = {isa = PBXFileReference; fileEncoding = 4; lastKnownFileType = sourcecode.swift; path = MessageHistoryCellTableViewCell.swift; sourceTree = "<group>"; };
		A4166D8A1DC07947007114DA /* MainMenuVC.swift */ = {isa = PBXFileReference; fileEncoding = 4; lastKnownFileType = sourcecode.swift; path = MainMenuVC.swift; sourceTree = "<group>"; };
		A4166D8C1DC0AFD2007114DA /* SelectDateClassSectionSubjectVC.swift */ = {isa = PBXFileReference; fileEncoding = 4; lastKnownFileType = sourcecode.swift; path = SelectDateClassSectionSubjectVC.swift; sourceTree = "<group>"; };
		A45532061DD72DAF0088A3C9 /* AttendanceSummaryCellVC.swift */ = {isa = PBXFileReference; fileEncoding = 4; lastKnownFileType = sourcecode.swift; path = AttendanceSummaryCellVC.swift; sourceTree = "<group>"; };
		A45532071DD72DAF0088A3C9 /* AttendanceSummaryHeaderCell.swift */ = {isa = PBXFileReference; fileEncoding = 4; lastKnownFileType = sourcecode.swift; path = AttendanceSummaryHeaderCell.swift; sourceTree = "<group>"; };
		A45532081DD72DAF0088A3C9 /* ShowAttendanceSummaryVC.swift */ = {isa = PBXFileReference; fileEncoding = 4; lastKnownFileType = sourcecode.swift; path = ShowAttendanceSummaryVC.swift; sourceTree = "<group>"; };
		A455320C1DD732920088A3C9 /* SelectCriteriaAttSummaryVC.swift */ = {isa = PBXFileReference; fileEncoding = 4; lastKnownFileType = sourcecode.swift; path = SelectCriteriaAttSummaryVC.swift; sourceTree = "<group>"; };
		A455320E1DD77FFB0088A3C9 /* ComposeMessageVCViewController.swift */ = {isa = PBXFileReference; fileEncoding = 4; lastKnownFileType = sourcecode.swift; path = ComposeMessageVCViewController.swift; sourceTree = "<group>"; };
		A455320F1DD77FFB0088A3C9 /* SelectClassSectionVC.swift */ = {isa = PBXFileReference; fileEncoding = 4; lastKnownFileType = sourcecode.swift; path = SelectClassSectionVC.swift; sourceTree = "<group>"; };
		A45532101DD77FFB0088A3C9 /* SelectStudentVC.swift */ = {isa = PBXFileReference; fileEncoding = 4; lastKnownFileType = sourcecode.swift; path = SelectStudentVC.swift; sourceTree = "<group>"; };
		A45532141DD7823B0088A3C9 /* StudentSelectionCell.swift */ = {isa = PBXFileReference; fileEncoding = 4; lastKnownFileType = sourcecode.swift; path = StudentSelectionCell.swift; sourceTree = "<group>"; };
		A456F7FF1DCF6D6500E844F9 /* TestDetailsTBC.swift */ = {isa = PBXFileReference; fileEncoding = 4; lastKnownFileType = sourcecode.swift; path = TestDetailsTBC.swift; sourceTree = "<group>"; };
		A460411A1DCD8169004E9BDE /* TestDetailsVC.swift */ = {isa = PBXFileReference; fileEncoding = 4; lastKnownFileType = sourcecode.swift; path = TestDetailsVC.swift; sourceTree = "<group>"; };
		A460411C1DCDE37B004E9BDE /* CompletedTestVC.swift */ = {isa = PBXFileReference; fileEncoding = 4; lastKnownFileType = sourcecode.swift; path = CompletedTestVC.swift; sourceTree = "<group>"; };
		A460411D1DCDE37B004E9BDE /* MarksProcessing.swift */ = {isa = PBXFileReference; fileEncoding = 4; lastKnownFileType = sourcecode.swift; path = MarksProcessing.swift; sourceTree = "<group>"; };
		A460411E1DCDE37B004E9BDE /* PendingTestListVC.swift */ = {isa = PBXFileReference; fileEncoding = 4; lastKnownFileType = sourcecode.swift; path = PendingTestListVC.swift; sourceTree = "<group>"; };
		A46041221DCDE4A2004E9BDE /* TestMarksEntryCell.swift */ = {isa = PBXFileReference; fileEncoding = 4; lastKnownFileType = sourcecode.swift; path = TestMarksEntryCell.swift; sourceTree = "<group>"; };
		A46041231DCDE4A2004E9BDE /* TestMarksEntryHeaderCell.swift */ = {isa = PBXFileReference; fileEncoding = 4; lastKnownFileType = sourcecode.swift; path = TestMarksEntryHeaderCell.swift; sourceTree = "<group>"; };
		A46041241DCDE4A2004E9BDE /* TestMarksEntryVC.swift */ = {isa = PBXFileReference; fileEncoding = 4; lastKnownFileType = sourcecode.swift; path = TestMarksEntryVC.swift; sourceTree = "<group>"; };
		A46041251DCDE4A2004E9BDE /* TestMarksModel.swift */ = {isa = PBXFileReference; fileEncoding = 4; lastKnownFileType = sourcecode.swift; path = TestMarksModel.swift; sourceTree = "<group>"; };
		A46041261DCDE4A2004E9BDE /* TestModel.swift */ = {isa = PBXFileReference; fileEncoding = 4; lastKnownFileType = sourcecode.swift; path = TestModel.swift; sourceTree = "<group>"; };
		A460412C1DCDE521004E9BDE /* TestCellVC.swift */ = {isa = PBXFileReference; fileEncoding = 4; lastKnownFileType = sourcecode.swift; path = TestCellVC.swift; sourceTree = "<group>"; };
		A460412E1DCDE56C004E9BDE /* HeaderCell.swift */ = {isa = PBXFileReference; fileEncoding = 4; lastKnownFileType = sourcecode.swift; path = HeaderCell.swift; sourceTree = "<group>"; };
		A4665A451DCA37800049EB4D /* SetSubjectsVC.swift */ = {isa = PBXFileReference; fileEncoding = 4; lastKnownFileType = sourcecode.swift; path = SetSubjectsVC.swift; sourceTree = "<group>"; };
		A4665A491DCA4DF30049EB4D /* SubjectSelectionCell.swift */ = {isa = PBXFileReference; fileEncoding = 4; lastKnownFileType = sourcecode.swift; path = SubjectSelectionCell.swift; sourceTree = "<group>"; };
		A4665A4B1DCA4F4D0049EB4D /* SubjectModel.swift */ = {isa = PBXFileReference; fileEncoding = 4; lastKnownFileType = sourcecode.swift; path = SubjectModel.swift; sourceTree = "<group>"; };
		A47365C61DD88FD100EDA30D /* ChangePasswordVC.swift */ = {isa = PBXFileReference; fileEncoding = 4; lastKnownFileType = sourcecode.swift; path = ChangePasswordVC.swift; sourceTree = "<group>"; };
		A47365C81DD9766A00EDA30D /* ParentMenuVC.swift */ = {isa = PBXFileReference; fileEncoding = 4; lastKnownFileType = sourcecode.swift; path = ParentMenuVC.swift; sourceTree = "<group>"; };
		A47365CA1DD97C2900EDA30D /* SelectWardVC.swift */ = {isa = PBXFileReference; fileEncoding = 4; lastKnownFileType = sourcecode.swift; path = SelectWardVC.swift; sourceTree = "<group>"; };
		A47365CC1DD980DE00EDA30D /* WardListCellTVC.swift */ = {isa = PBXFileReference; fileEncoding = 4; lastKnownFileType = sourcecode.swift; path = WardListCellTVC.swift; sourceTree = "<group>"; };
		A47365CD1DD980DE00EDA30D /* WardListTVC.swift */ = {isa = PBXFileReference; fileEncoding = 4; lastKnownFileType = sourcecode.swift; path = WardListTVC.swift; sourceTree = "<group>"; };
		A482F2491DB3E56100EA2811 /* ClassUp-iOS.app */ = {isa = PBXFileReference; explicitFileType = wrapper.application; includeInIndex = 0; path = "ClassUp-iOS.app"; sourceTree = BUILT_PRODUCTS_DIR; };
		A482F24C1DB3E56100EA2811 /* AppDelegate.swift */ = {isa = PBXFileReference; lastKnownFileType = sourcecode.swift; path = AppDelegate.swift; sourceTree = "<group>"; };
		A482F24E1DB3E56100EA2811 /* ViewController.swift */ = {isa = PBXFileReference; lastKnownFileType = sourcecode.swift; path = ViewController.swift; sourceTree = "<group>"; };
		A482F2511DB3E56100EA2811 /* Base */ = {isa = PBXFileReference; lastKnownFileType = file.storyboard; name = Base; path = Base.lproj/Main.storyboard; sourceTree = "<group>"; };
		A482F2531DB3E56100EA2811 /* Assets.xcassets */ = {isa = PBXFileReference; lastKnownFileType = folder.assetcatalog; path = Assets.xcassets; sourceTree = "<group>"; };
		A482F2561DB3E56100EA2811 /* Base */ = {isa = PBXFileReference; lastKnownFileType = file.storyboard; name = Base; path = Base.lproj/LaunchScreen.storyboard; sourceTree = "<group>"; };
		A482F2581DB3E56100EA2811 /* Info.plist */ = {isa = PBXFileReference; lastKnownFileType = text.plist.xml; path = Info.plist; sourceTree = "<group>"; };
		A482F25E1DB3E69C00EA2811 /* PodFile */ = {isa = PBXFileReference; fileEncoding = 4; lastKnownFileType = text; path = PodFile; sourceTree = "<group>"; xcLanguageSpecificationIdentifier = xcode.lang.ruby; };
		A48B30631DD476D20049D760 /* BusRouteSelectionVC.swift */ = {isa = PBXFileReference; fileEncoding = 4; lastKnownFileType = sourcecode.swift; path = BusRouteSelectionVC.swift; sourceTree = "<group>"; };
		A48E11131DD4938F0008DF7D /* BusAttendanceCellTVC.swift */ = {isa = PBXFileReference; fileEncoding = 4; lastKnownFileType = sourcecode.swift; path = BusAttendanceCellTVC.swift; sourceTree = "<group>"; };
		A48E11141DD4938F0008DF7D /* BusAttendanceHeaderCell.swift */ = {isa = PBXFileReference; fileEncoding = 4; lastKnownFileType = sourcecode.swift; path = BusAttendanceHeaderCell.swift; sourceTree = "<group>"; };
		A48E11151DD4938F0008DF7D /* BusAttendanceVC.swift */ = {isa = PBXFileReference; fileEncoding = 4; lastKnownFileType = sourcecode.swift; path = BusAttendanceVC.swift; sourceTree = "<group>"; };
		A48E11161DD4938F0008DF7D /* BusDelayMessageVC.swift */ = {isa = PBXFileReference; fileEncoding = 4; lastKnownFileType = sourcecode.swift; path = BusDelayMessageVC.swift; sourceTree = "<group>"; };
		A49081611DC1174800A4170D /* TakeAttendanceCellTVC.swift */ = {isa = PBXFileReference; fileEncoding = 4; lastKnownFileType = sourcecode.swift; path = TakeAttendanceCellTVC.swift; sourceTree = "<group>"; };
		A49081621DC1174800A4170D /* TakeAttendanceVC.swift */ = {isa = PBXFileReference; fileEncoding = 4; lastKnownFileType = sourcecode.swift; path = TakeAttendanceVC.swift; sourceTree = "<group>"; };
		A49081651DC1180600A4170D /* StudentStopModel.swift */ = {isa = PBXFileReference; fileEncoding = 4; lastKnownFileType = sourcecode.swift; path = StudentStopModel.swift; sourceTree = "<group>"; };
		A49081671DC1185C00A4170D /* StudentModel.swift */ = {isa = PBXFileReference; fileEncoding = 4; lastKnownFileType = sourcecode.swift; path = StudentModel.swift; sourceTree = "<group>"; };
		A49081691DC11B5000A4170D /* AttendanceProcessing.swift */ = {isa = PBXFileReference; fileEncoding = 4; lastKnownFileType = sourcecode.swift; path = AttendanceProcessing.swift; sourceTree = "<group>"; };
		A490816D1DC11E9B00A4170D /* AttendanceHeaderCell.swift */ = {isa = PBXFileReference; fileEncoding = 4; lastKnownFileType = sourcecode.swift; path = AttendanceHeaderCell.swift; sourceTree = "<group>"; };
		A4D28ADE1DB3EFC0003B47F2 /* LoginVC.swift */ = {isa = PBXFileReference; fileEncoding = 4; lastKnownFileType = sourcecode.swift; path = LoginVC.swift; sourceTree = "<group>"; };
		A4D28AE21DB3F1F7003B47F2 /* MiscFunctions.swift */ = {isa = PBXFileReference; fileEncoding = 4; lastKnownFileType = sourcecode.swift; path = MiscFunctions.swift; sourceTree = "<group>"; };
		A4D28AE41DB3F59A003B47F2 /* CartFile */ = {isa = PBXFileReference; fileEncoding = 4; lastKnownFileType = text; path = CartFile; sourceTree = "<group>"; };
		A4ED5CF31E517F9500888DD1 /* SchoolAdminStoryBoard.storyboard */ = {isa = PBXFileReference; fileEncoding = 4; lastKnownFileType = file.storyboard; name = SchoolAdminStoryBoard.storyboard; path = ../SchoolAdminStoryBoard.storyboard; sourceTree = "<group>"; };
		A4ED5CF51E51A17900888DD1 /* SchoolAdminVC.swift */ = {isa = PBXFileReference; fileEncoding = 4; lastKnownFileType = sourcecode.swift; path = SchoolAdminVC.swift; sourceTree = "<group>"; };
		A4ED5CF71E52193600888DD1 /* ComposeBulkSMSVC.swift */ = {isa = PBXFileReference; fileEncoding = 4; lastKnownFileType = sourcecode.swift; path = ComposeBulkSMSVC.swift; sourceTree = "<group>"; };
		C602D94921C0CA1C6D07A228 /* Pods-ClassUp-iOS.debug.xcconfig */ = {isa = PBXFileReference; includeInIndex = 1; lastKnownFileType = text.xcconfig; name = "Pods-ClassUp-iOS.debug.xcconfig"; path = "Pods/Target Support Files/Pods-ClassUp-iOS/Pods-ClassUp-iOS.debug.xcconfig"; sourceTree = "<group>"; };
/* End PBXFileReference section */

/* Begin PBXFrameworksBuildPhase section */
		A482F2461DB3E56100EA2811 /* Frameworks */ = {
			isa = PBXFrameworksBuildPhase;
			buildActionMask = 2147483647;
			files = (
				DD67D170529E938ED446578B /* Pods_ClassUp_iOS.framework in Frameworks */,
			);
			runOnlyForDeploymentPostprocessing = 0;
		};
/* End PBXFrameworksBuildPhase section */

/* Begin PBXGroup section */
		66A5EDF6397A6B8C438C1DB1 /* Frameworks */ = {
			isa = PBXGroup;
			children = (
				66B83E74B84E51D40ACD6157 /* Pods_ClassUp_iOS.framework */,
			);
			name = Frameworks;
			sourceTree = "<group>";
		};
		74C006A9CE8D6483A980106E /* Pods */ = {
			isa = PBXGroup;
			children = (
				C602D94921C0CA1C6D07A228 /* Pods-ClassUp-iOS.debug.xcconfig */,
				2FD15DB51580E823564ED733 /* Pods-ClassUp-iOS.release.xcconfig */,
			);
			name = Pods;
			sourceTree = "<group>";
		};
		A482F2401DB3E56100EA2811 = {
			isa = PBXGroup;
			children = (
				A4D28AE41DB3F59A003B47F2 /* CartFile */,
				A482F24B1DB3E56100EA2811 /* ClassUp-iOS */,
				66A5EDF6397A6B8C438C1DB1 /* Frameworks */,
				A482F25E1DB3E69C00EA2811 /* PodFile */,
				74C006A9CE8D6483A980106E /* Pods */,
				A482F24A1DB3E56100EA2811 /* Products */,
			);
			sourceTree = "<group>";
		};
		A482F24A1DB3E56100EA2811 /* Products */ = {
			isa = PBXGroup;
			children = (
				A482F2491DB3E56100EA2811 /* ClassUp-iOS.app */,
			);
			name = Products;
			sourceTree = "<group>";
		};
		A482F24B1DB3E56100EA2811 /* ClassUp-iOS */ = {
			isa = PBXGroup;
			children = (
				A482F24C1DB3E56100EA2811 /* AppDelegate.swift */,
				A482F2531DB3E56100EA2811 /* Assets.xcassets */,
				A490816D1DC11E9B00A4170D /* AttendanceHeaderCell.swift */,
				A49081691DC11B5000A4170D /* AttendanceProcessing.swift */,
				A45532061DD72DAF0088A3C9 /* AttendanceSummaryCellVC.swift */,
				A45532071DD72DAF0088A3C9 /* AttendanceSummaryHeaderCell.swift */,
				A48E11131DD4938F0008DF7D /* BusAttendanceCellTVC.swift */,
				A48E11141DD4938F0008DF7D /* BusAttendanceHeaderCell.swift */,
				A48E11151DD4938F0008DF7D /* BusAttendanceVC.swift */,
				A48E11161DD4938F0008DF7D /* BusDelayMessageVC.swift */,
				A48B30631DD476D20049D760 /* BusRouteSelectionVC.swift */,
				A47365C61DD88FD100EDA30D /* ChangePasswordVC.swift */,
				A460411C1DCDE37B004E9BDE /* CompletedTestVC.swift */,
				A455320E1DD77FFB0088A3C9 /* ComposeMessageVCViewController.swift */,
				A4053CAB1DD9C9970090D89D /* Env.swift */,
				A4053CA11DD9C6F30090D89D /* ExamCellTVC.swift */,
				A4053CA91DD9C8790090D89D /* ExampleDefaults.swift */,
				A4053CA51DD9C7E90090D89D /* ExamResultCellTVC.swift */,
				A4053CA61DD9C7E90090D89D /* ExamResultHeaderCellTVC.swift */,
				A4053CA31DD9C77F0090D89D /* ExamResultVC.swift */,
				A460412E1DCDE56C004E9BDE /* HeaderCell.swift */,
				A482F2581DB3E56100EA2811 /* Info.plist */,
				A482F2551DB3E56100EA2811 /* LaunchScreen.storyboard */,
				A4D28ADE1DB3EFC0003B47F2 /* LoginVC.swift */,
				A482F2501DB3E56100EA2811 /* Main.storyboard */,
				A4ED5CF31E517F9500888DD1 /* SchoolAdminStoryBoard.storyboard */,
				A4166D8A1DC07947007114DA /* MainMenuVC.swift */,
				A4053CB61DD9E7B00090D89D /* MarksHistoryCellTVC.swift */,
				A4053CB41DD9D1680090D89D /* MarksHistoryHeaderCellTVC.swift */,
				A460411D1DCDE37B004E9BDE /* MarksProcessing.swift */,
				A40DFFFC1E46264900711694 /* MessageHistoryCellTableViewCell.swift */,
				A40DFFFA1E46259500711694 /* MessageHistoryVC.swift */,
				A4053C9B1DD9C3AA0090D89D /* MessageToSchoolVC.swift */,
				A4D28AE21DB3F1F7003B47F2 /* MiscFunctions.swift */,
				A47365C81DD9766A00EDA30D /* ParentMenuVC.swift */,
				A460411E1DCDE37B004E9BDE /* PendingTestListVC.swift */,
				A404FAF11DB541A90011BFB6 /* Reachibility.swift */,
				A455320F1DD77FFB0088A3C9 /* SelectClassSectionVC.swift */,
				A455320C1DD732920088A3C9 /* SelectCriteriaAttSummaryVC.swift */,
				A4166D8C1DC0AFD2007114DA /* SelectDateClassSectionSubjectVC.swift */,
				A4053C971DD9C2BD0090D89D /* SelectExamTermVC.swift */,
				A45532101DD77FFB0088A3C9 /* SelectStudentVC.swift */,
				A47365CA1DD97C2900EDA30D /* SelectWardVC.swift */,
				A404FAEF1DB532850011BFB6 /* SessionManager.swift */,
				A4665A451DCA37800049EB4D /* SetSubjectsVC.swift */,
				A45532081DD72DAF0088A3C9 /* ShowAttendanceSummaryVC.swift */,
				A4053C9D1DD9C6B50090D89D /* StuAttSummaryCellTVC.swift */,
				A4053C951DD9C1EC0090D89D /* StuAttSummaryHeaderCellTVC.swift */,
				A4053C931DD9BC0F0090D89D /* StudentAttendanceSummaryVC.swift */,
				A49081671DC1185C00A4170D /* StudentModel.swift */,
				A45532141DD7823B0088A3C9 /* StudentSelectionCell.swift */,
				A49081651DC1180600A4170D /* StudentStopModel.swift */,
				A4053CAF1DD9CBF50090D89D /* SubjectListCellTVC.swift */,
				A4053CB11DD9CF660090D89D /* SubjectMarksHistoryVC.swift */,
				A4053CB21DD9D0500090D89D /* SubjectMarksModel.swift */,
				A4053CAD1DD9CBCD0090D89D /* SubjectMarksHistoryVC.swift */,
				A4665A4B1DCA4F4D0049EB4D /* SubjectModel.swift */,
				A4665A491DCA4DF30049EB4D /* SubjectSelectionCell.swift */,
				A4053C9F1DD9C6CB0090D89D /* SubjectSelectionCellTVC.swift */,
				A4053C991DD9C37E0090D89D /* SubjectSelectionVC.swift */,
				A49081611DC1174800A4170D /* TakeAttendanceCellTVC.swift */,
				A49081621DC1174800A4170D /* TakeAttendanceVC.swift */,
				A460412C1DCDE521004E9BDE /* TestCellVC.swift */,
				A456F7FF1DCF6D6500E844F9 /* TestDetailsTBC.swift */,
				A460411A1DCD8169004E9BDE /* TestDetailsVC.swift */,
				A46041221DCDE4A2004E9BDE /* TestMarksEntryCell.swift */,
				A46041231DCDE4A2004E9BDE /* TestMarksEntryHeaderCell.swift */,
				A46041241DCDE4A2004E9BDE /* TestMarksEntryVC.swift */,
				A46041251DCDE4A2004E9BDE /* TestMarksModel.swift */,
				A46041261DCDE4A2004E9BDE /* TestModel.swift */,
				A482F24E1DB3E56100EA2811 /* ViewController.swift */,
				A47365CC1DD980DE00EDA30D /* WardListCellTVC.swift */,
				A47365CD1DD980DE00EDA30D /* WardListTVC.swift */,
				A4ED5CF51E51A17900888DD1 /* SchoolAdminVC.swift */,
				A4ED5CF71E52193600888DD1 /* ComposeBulkSMSVC.swift */,
			);
			path = "ClassUp-iOS";
			sourceTree = "<group>";
		};
/* End PBXGroup section */

/* Begin PBXNativeTarget section */
		A482F2481DB3E56100EA2811 /* ClassUp-iOS */ = {
			isa = PBXNativeTarget;
			buildConfigurationList = A482F25B1DB3E56100EA2811 /* Build configuration list for PBXNativeTarget "ClassUp-iOS" */;
			buildPhases = (
				3F6DFB1A8E48919C8C228E55 /* Check Pods Manifest.lock */,
				A482F2451DB3E56100EA2811 /* Sources */,
				A482F2461DB3E56100EA2811 /* Frameworks */,
				A482F2471DB3E56100EA2811 /* Resources */,
				254FCC7C2D976C094175F0F4 /* Embed Pods Frameworks */,
				0E86506E5E01DAEE98E453A6 /* Copy Pods Resources */,
			);
			buildRules = (
			);
			dependencies = (
			);
			name = "ClassUp-iOS";
			productName = "ClassUp-iOS";
			productReference = A482F2491DB3E56100EA2811 /* ClassUp-iOS.app */;
			productType = "com.apple.product-type.application";
		};
/* End PBXNativeTarget section */

/* Begin PBXProject section */
		A482F2411DB3E56100EA2811 /* Project object */ = {
			isa = PBXProject;
			attributes = {
				LastSwiftUpdateCheck = 0800;
				LastUpgradeCheck = 0800;
				ORGANIZATIONNAME = "EmergeTech Mobile Products & Services Pvt Ltd";
				TargetAttributes = {
					A482F2481DB3E56100EA2811 = {
						CreatedOnToolsVersion = 8.0;
						DevelopmentTeam = F64T6ZEDL7;
						LastSwiftMigration = 0800;
						ProvisioningStyle = Manual;
					};
				};
			};
			buildConfigurationList = A482F2441DB3E56100EA2811 /* Build configuration list for PBXProject "ClassUp-iOS" */;
			compatibilityVersion = "Xcode 3.2";
			developmentRegion = English;
			hasScannedForEncodings = 0;
			knownRegions = (
				en,
				Base,
			);
			mainGroup = A482F2401DB3E56100EA2811;
			productRefGroup = A482F24A1DB3E56100EA2811 /* Products */;
			projectDirPath = "";
			projectRoot = "";
			targets = (
				A482F2481DB3E56100EA2811 /* ClassUp-iOS */,
			);
		};
/* End PBXProject section */

/* Begin PBXResourcesBuildPhase section */
		A482F2471DB3E56100EA2811 /* Resources */ = {
			isa = PBXResourcesBuildPhase;
			buildActionMask = 2147483647;
			files = (
				A482F2571DB3E56100EA2811 /* LaunchScreen.storyboard in Resources */,
				A482F2541DB3E56100EA2811 /* Assets.xcassets in Resources */,
				A4ED5CF41E517F9500888DD1 /* SchoolAdminStoryBoard.storyboard in Resources */,
				A482F25F1DB3E69C00EA2811 /* PodFile in Resources */,
				A4D28AE51DB3F59A003B47F2 /* CartFile in Resources */,
				A482F2521DB3E56100EA2811 /* Main.storyboard in Resources */,
			);
			runOnlyForDeploymentPostprocessing = 0;
		};
/* End PBXResourcesBuildPhase section */

/* Begin PBXShellScriptBuildPhase section */
		0E86506E5E01DAEE98E453A6 /* Copy Pods Resources */ = {
			isa = PBXShellScriptBuildPhase;
			buildActionMask = 2147483647;
			files = (
			);
			inputPaths = (
			);
			name = "Copy Pods Resources";
			outputPaths = (
			);
			runOnlyForDeploymentPostprocessing = 0;
			shellPath = /bin/sh;
			shellScript = "\"${SRCROOT}/Pods/Target Support Files/Pods-ClassUp-iOS/Pods-ClassUp-iOS-resources.sh\"\n";
			showEnvVarsInLog = 0;
		};
		254FCC7C2D976C094175F0F4 /* Embed Pods Frameworks */ = {
			isa = PBXShellScriptBuildPhase;
			buildActionMask = 2147483647;
			files = (
			);
			inputPaths = (
			);
			name = "Embed Pods Frameworks";
			outputPaths = (
			);
			runOnlyForDeploymentPostprocessing = 0;
			shellPath = /bin/sh;
			shellScript = "\"${SRCROOT}/Pods/Target Support Files/Pods-ClassUp-iOS/Pods-ClassUp-iOS-frameworks.sh\"\n";
			showEnvVarsInLog = 0;
		};
		3F6DFB1A8E48919C8C228E55 /* Check Pods Manifest.lock */ = {
			isa = PBXShellScriptBuildPhase;
			buildActionMask = 2147483647;
			files = (
			);
			inputPaths = (
			);
			name = "Check Pods Manifest.lock";
			outputPaths = (
			);
			runOnlyForDeploymentPostprocessing = 0;
			shellPath = /bin/sh;
			shellScript = "diff \"${PODS_ROOT}/../Podfile.lock\" \"${PODS_ROOT}/Manifest.lock\" > /dev/null\nif [[ $? != 0 ]] ; then\n    cat << EOM\nerror: The sandbox is not in sync with the Podfile.lock. Run 'pod install' or update your CocoaPods installation.\nEOM\n    exit 1\nfi\n";
			showEnvVarsInLog = 0;
		};
/* End PBXShellScriptBuildPhase section */

/* Begin PBXSourcesBuildPhase section */
		A482F2451DB3E56100EA2811 /* Sources */ = {
			isa = PBXSourcesBuildPhase;
			buildActionMask = 2147483647;
			files = (
				A4053CAE1DD9CBCD0090D89D /* SubjectMarksHistoryVC.swift in Sources */,
				A4053C981DD9C2BD0090D89D /* SelectExamTermVC.swift in Sources */,
				A4053C961DD9C1EC0090D89D /* StuAttSummaryHeaderCellTVC.swift in Sources */,
				A4053C941DD9BC0F0090D89D /* StudentAttendanceSummaryVC.swift in Sources */,
				A4166D8B1DC07947007114DA /* MainMenuVC.swift in Sources */,
				A460412D1DCDE521004E9BDE /* TestCellVC.swift in Sources */,
				A48E11181DD4938F0008DF7D /* BusAttendanceHeaderCell.swift in Sources */,
				A4053CB01DD9CBF50090D89D /* SubjectListCellTVC.swift in Sources */,
				A47365CE1DD980DE00EDA30D /* WardListCellTVC.swift in Sources */,
				A460412A1DCDE4A2004E9BDE /* TestMarksModel.swift in Sources */,
				A4665A461DCA37800049EB4D /* SetSubjectsVC.swift in Sources */,
				A482F24F1DB3E56100EA2811 /* ViewController.swift in Sources */,
				A4166D8D1DC0AFD2007114DA /* SelectDateClassSectionSubjectVC.swift in Sources */,
				A47365CB1DD97C2900EDA30D /* SelectWardVC.swift in Sources */,
				A4053CA81DD9C7E90090D89D /* ExamResultHeaderCellTVC.swift in Sources */,
				A4053CB31DD9D0500090D89D /* SubjectMarksModel.swift in Sources */,
				A4053CB71DD9E7B00090D89D /* MarksHistoryCellTVC.swift in Sources */,
				A48E111A1DD4938F0008DF7D /* BusDelayMessageVC.swift in Sources */,
				A4053CA21DD9C6F30090D89D /* ExamCellTVC.swift in Sources */,
				A45532151DD7823B0088A3C9 /* StudentSelectionCell.swift in Sources */,
				A45532131DD77FFB0088A3C9 /* SelectStudentVC.swift in Sources */,
				A455320D1DD732920088A3C9 /* SelectCriteriaAttSummaryVC.swift in Sources */,
				A460412B1DCDE4A2004E9BDE /* TestModel.swift in Sources */,
				A4ED5CF81E52193600888DD1 /* ComposeBulkSMSVC.swift in Sources */,
				A490816A1DC11B5100A4170D /* AttendanceProcessing.swift in Sources */,
				A40DFFFB1E46259500711694 /* MessageHistoryVC.swift in Sources */,
				A47365C91DD9766A00EDA30D /* ParentMenuVC.swift in Sources */,
				A4053CA71DD9C7E90090D89D /* ExamResultCellTVC.swift in Sources */,
				A47365C71DD88FD100EDA30D /* ChangePasswordVC.swift in Sources */,
				A45532111DD77FFB0088A3C9 /* ComposeMessageVCViewController.swift in Sources */,
				A455320A1DD72DAF0088A3C9 /* AttendanceSummaryHeaderCell.swift in Sources */,
				A46041271DCDE4A2004E9BDE /* TestMarksEntryCell.swift in Sources */,
				A456F8001DCF6D6500E844F9 /* TestDetailsTBC.swift in Sources */,
				A4ED5CF61E51A17900888DD1 /* SchoolAdminVC.swift in Sources */,
				A482F24D1DB3E56100EA2811 /* AppDelegate.swift in Sources */,
				A460411F1DCDE37B004E9BDE /* CompletedTestVC.swift in Sources */,
				A4053CB51DD9D1680090D89D /* MarksHistoryHeaderCellTVC.swift in Sources */,
				A455320B1DD72DAF0088A3C9 /* ShowAttendanceSummaryVC.swift in Sources */,
				A46041211DCDE37B004E9BDE /* PendingTestListVC.swift in Sources */,
				A404FAF21DB541A90011BFB6 /* Reachibility.swift in Sources */,
				A47365CF1DD980DE00EDA30D /* WardListTVC.swift in Sources */,
				A4665A4C1DCA4F4D0049EB4D /* SubjectModel.swift in Sources */,
				A4053CAA1DD9C8790090D89D /* ExampleDefaults.swift in Sources */,
				A4053C9A1DD9C37E0090D89D /* SubjectSelectionVC.swift in Sources */,
				A40DFFFD1E46264900711694 /* MessageHistoryCellTableViewCell.swift in Sources */,
				A48E11171DD4938F0008DF7D /* BusAttendanceCellTVC.swift in Sources */,
				A404FAF01DB532850011BFB6 /* SessionManager.swift in Sources */,
				A490816E1DC11E9B00A4170D /* AttendanceHeaderCell.swift in Sources */,
				A46041201DCDE37B004E9BDE /* MarksProcessing.swift in Sources */,
				A45532121DD77FFB0088A3C9 /* SelectClassSectionVC.swift in Sources */,
				A49081681DC1185C00A4170D /* StudentModel.swift in Sources */,
				A4D28ADF1DB3EFC0003B47F2 /* LoginVC.swift in Sources */,
				A4665A4A1DCA4DF30049EB4D /* SubjectSelectionCell.swift in Sources */,
				A460412F1DCDE56C004E9BDE /* HeaderCell.swift in Sources */,
				A4053CAC1DD9C9970090D89D /* Env.swift in Sources */,
				A460411B1DCD8169004E9BDE /* TestDetailsVC.swift in Sources */,
				A4053C9E1DD9C6B50090D89D /* StuAttSummaryCellTVC.swift in Sources */,
				A4053CA01DD9C6CB0090D89D /* SubjectSelectionCellTVC.swift in Sources */,
				A46041291DCDE4A2004E9BDE /* TestMarksEntryVC.swift in Sources */,
				A49081641DC1174800A4170D /* TakeAttendanceVC.swift in Sources */,
				A46041281DCDE4A2004E9BDE /* TestMarksEntryHeaderCell.swift in Sources */,
				A4053CA41DD9C77F0090D89D /* ExamResultVC.swift in Sources */,
				A48E11191DD4938F0008DF7D /* BusAttendanceVC.swift in Sources */,
				A4D28AE31DB3F1F7003B47F2 /* MiscFunctions.swift in Sources */,
				A49081631DC1174800A4170D /* TakeAttendanceCellTVC.swift in Sources */,
				A48B30641DD476D20049D760 /* BusRouteSelectionVC.swift in Sources */,
				A45532091DD72DAF0088A3C9 /* AttendanceSummaryCellVC.swift in Sources */,
				A49081661DC1180600A4170D /* StudentStopModel.swift in Sources */,
				A4053C9C1DD9C3AA0090D89D /* MessageToSchoolVC.swift in Sources */,
			);
			runOnlyForDeploymentPostprocessing = 0;
		};
/* End PBXSourcesBuildPhase section */

/* Begin PBXVariantGroup section */
		A482F2501DB3E56100EA2811 /* Main.storyboard */ = {
			isa = PBXVariantGroup;
			children = (
				A482F2511DB3E56100EA2811 /* Base */,
			);
			name = Main.storyboard;
			sourceTree = "<group>";
		};
		A482F2551DB3E56100EA2811 /* LaunchScreen.storyboard */ = {
			isa = PBXVariantGroup;
			children = (
				A482F2561DB3E56100EA2811 /* Base */,
			);
			name = LaunchScreen.storyboard;
			sourceTree = "<group>";
		};
/* End PBXVariantGroup section */

/* Begin XCBuildConfiguration section */
		A482F2591DB3E56100EA2811 /* Debug */ = {
			isa = XCBuildConfiguration;
			buildSettings = {
				ALWAYS_SEARCH_USER_PATHS = NO;
				CLANG_ANALYZER_NONNULL = YES;
				CLANG_CXX_LANGUAGE_STANDARD = "gnu++0x";
				CLANG_CXX_LIBRARY = "libc++";
				CLANG_ENABLE_MODULES = YES;
				CLANG_ENABLE_OBJC_ARC = YES;
				CLANG_WARN_BOOL_CONVERSION = YES;
				CLANG_WARN_CONSTANT_CONVERSION = YES;
				CLANG_WARN_DIRECT_OBJC_ISA_USAGE = YES_ERROR;
				CLANG_WARN_DOCUMENTATION_COMMENTS = YES;
				CLANG_WARN_EMPTY_BODY = YES;
				CLANG_WARN_ENUM_CONVERSION = YES;
				CLANG_WARN_INFINITE_RECURSION = YES;
				CLANG_WARN_INT_CONVERSION = YES;
				CLANG_WARN_OBJC_ROOT_CLASS = YES_ERROR;
				CLANG_WARN_SUSPICIOUS_MOVE = YES;
				CLANG_WARN_SUSPICIOUS_MOVES = YES;
				CLANG_WARN_UNREACHABLE_CODE = YES;
				CLANG_WARN__DUPLICATE_METHOD_MATCH = YES;
				"CODE_SIGN_IDENTITY[sdk=iphoneos*]" = "iPhone Developer";
				COPY_PHASE_STRIP = NO;
				DEBUG_INFORMATION_FORMAT = dwarf;
				ENABLE_STRICT_OBJC_MSGSEND = YES;
				ENABLE_TESTABILITY = YES;
				GCC_C_LANGUAGE_STANDARD = gnu99;
				GCC_DYNAMIC_NO_PIC = NO;
				GCC_NO_COMMON_BLOCKS = YES;
				GCC_OPTIMIZATION_LEVEL = 0;
				GCC_PREPROCESSOR_DEFINITIONS = (
					"DEBUG=1",
					"$(inherited)",
				);
				GCC_WARN_64_TO_32_BIT_CONVERSION = YES;
				GCC_WARN_ABOUT_RETURN_TYPE = YES_ERROR;
				GCC_WARN_UNDECLARED_SELECTOR = YES;
				GCC_WARN_UNINITIALIZED_AUTOS = YES_AGGRESSIVE;
				GCC_WARN_UNUSED_FUNCTION = YES;
				GCC_WARN_UNUSED_VARIABLE = YES;
				IPHONEOS_DEPLOYMENT_TARGET = 10.0;
				MTL_ENABLE_DEBUG_INFO = YES;
				ONLY_ACTIVE_ARCH = YES;
				SDKROOT = iphoneos;
				SWIFT_ACTIVE_COMPILATION_CONDITIONS = DEBUG;
				SWIFT_OPTIMIZATION_LEVEL = "-Onone";
			};
			name = Debug;
		};
		A482F25A1DB3E56100EA2811 /* Release */ = {
			isa = XCBuildConfiguration;
			buildSettings = {
				ALWAYS_SEARCH_USER_PATHS = NO;
				CLANG_ANALYZER_NONNULL = YES;
				CLANG_CXX_LANGUAGE_STANDARD = "gnu++0x";
				CLANG_CXX_LIBRARY = "libc++";
				CLANG_ENABLE_MODULES = YES;
				CLANG_ENABLE_OBJC_ARC = YES;
				CLANG_WARN_BOOL_CONVERSION = YES;
				CLANG_WARN_CONSTANT_CONVERSION = YES;
				CLANG_WARN_DIRECT_OBJC_ISA_USAGE = YES_ERROR;
				CLANG_WARN_DOCUMENTATION_COMMENTS = YES;
				CLANG_WARN_EMPTY_BODY = YES;
				CLANG_WARN_ENUM_CONVERSION = YES;
				CLANG_WARN_INFINITE_RECURSION = YES;
				CLANG_WARN_INT_CONVERSION = YES;
				CLANG_WARN_OBJC_ROOT_CLASS = YES_ERROR;
				CLANG_WARN_SUSPICIOUS_MOVE = YES;
				CLANG_WARN_SUSPICIOUS_MOVES = YES;
				CLANG_WARN_UNREACHABLE_CODE = YES;
				CLANG_WARN__DUPLICATE_METHOD_MATCH = YES;
				"CODE_SIGN_IDENTITY[sdk=iphoneos*]" = "iPhone Developer";
				COPY_PHASE_STRIP = NO;
				DEBUG_INFORMATION_FORMAT = "dwarf-with-dsym";
				ENABLE_NS_ASSERTIONS = NO;
				ENABLE_STRICT_OBJC_MSGSEND = YES;
				GCC_C_LANGUAGE_STANDARD = gnu99;
				GCC_NO_COMMON_BLOCKS = YES;
				GCC_WARN_64_TO_32_BIT_CONVERSION = YES;
				GCC_WARN_ABOUT_RETURN_TYPE = YES_ERROR;
				GCC_WARN_UNDECLARED_SELECTOR = YES;
				GCC_WARN_UNINITIALIZED_AUTOS = YES_AGGRESSIVE;
				GCC_WARN_UNUSED_FUNCTION = YES;
				GCC_WARN_UNUSED_VARIABLE = YES;
				IPHONEOS_DEPLOYMENT_TARGET = 10.0;
				MTL_ENABLE_DEBUG_INFO = NO;
				SDKROOT = iphoneos;
				SWIFT_OPTIMIZATION_LEVEL = "-Owholemodule";
				VALIDATE_PRODUCT = YES;
			};
			name = Release;
		};
		A482F25C1DB3E56100EA2811 /* Debug */ = {
			isa = XCBuildConfiguration;
			baseConfigurationReference = C602D94921C0CA1C6D07A228 /* Pods-ClassUp-iOS.debug.xcconfig */;
			buildSettings = {
				ALWAYS_EMBED_SWIFT_STANDARD_LIBRARIES = YES;
				ASSETCATALOG_COMPILER_APPICON_NAME = AppIcon;
				"CODE_SIGN_IDENTITY[sdk=iphoneos*]" = "iPhone Distribution";
				DEVELOPMENT_TEAM = F64T6ZEDL7;
				INFOPLIST_FILE = "ClassUp-iOS/Info.plist";
				LD_RUNPATH_SEARCH_PATHS = "$(inherited) @executable_path/Frameworks";
				PRODUCT_BUNDLE_IDENTIFIER = com.ClassUp;
				PRODUCT_NAME = "$(TARGET_NAME)";
				PROVISIONING_PROFILE = "6706fcdb-263d-469e-90ac-1854299721d2";
				PROVISIONING_PROFILE_SPECIFIER = "XC iOS: *";
				SWIFT_VERSION = 3.0;
				TARGETED_DEVICE_FAMILY = 1;
			};
			name = Debug;
		};
		A482F25D1DB3E56100EA2811 /* Release */ = {
			isa = XCBuildConfiguration;
			baseConfigurationReference = 2FD15DB51580E823564ED733 /* Pods-ClassUp-iOS.release.xcconfig */;
			buildSettings = {
				ALWAYS_EMBED_SWIFT_STANDARD_LIBRARIES = YES;
				ASSETCATALOG_COMPILER_APPICON_NAME = AppIcon;
				"CODE_SIGN_IDENTITY[sdk=iphoneos*]" = "iPhone Distribution";
				DEVELOPMENT_TEAM = F64T6ZEDL7;
				INFOPLIST_FILE = "ClassUp-iOS/Info.plist";
				LD_RUNPATH_SEARCH_PATHS = "$(inherited) @executable_path/Frameworks";
				PRODUCT_BUNDLE_IDENTIFIER = com.ClassUp;
				PRODUCT_NAME = "$(TARGET_NAME)";
				PROVISIONING_PROFILE = "6706fcdb-263d-469e-90ac-1854299721d2";
				PROVISIONING_PROFILE_SPECIFIER = "XC iOS: *";
				SWIFT_VERSION = 3.0;
				TARGETED_DEVICE_FAMILY = 1;
			};
			name = Release;
		};
/* End XCBuildConfiguration section */

/* Begin XCConfigurationList section */
		A482F2441DB3E56100EA2811 /* Build configuration list for PBXProject "ClassUp-iOS" */ = {
			isa = XCConfigurationList;
			buildConfigurations = (
				A482F2591DB3E56100EA2811 /* Debug */,
				A482F25A1DB3E56100EA2811 /* Release */,
			);
			defaultConfigurationIsVisible = 0;
			defaultConfigurationName = Release;
		};
		A482F25B1DB3E56100EA2811 /* Build configuration list for PBXNativeTarget "ClassUp-iOS" */ = {
			isa = XCConfigurationList;
			buildConfigurations = (
				A482F25C1DB3E56100EA2811 /* Debug */,
				A482F25D1DB3E56100EA2811 /* Release */,
			);
			defaultConfigurationIsVisible = 0;
			defaultConfigurationName = Release;
		};
/* End XCConfigurationList section */
	};
	rootObject = A482F2411DB3E56100EA2811 /* Project object */;
}
